{
  "name": "gmod-outfitter",
  "version": "1.0.2",
  "lockfileVersion": 2,
  "requires": true,
  "packages": {
    "": {
      "name": "gmod-outfitter",
      "version": "1.0.2",
      "bundleDependencies": [
        "gmod-imageutils",
        "co",
        "coext",
        "helpers",
        "gmod-clientchatcommand",
        "netext",
        "webbrowser"
      ],
      "hasInstallScript": true,
      "dependencies": {
        "co": "git+https://github.com/Metastruct/glua_utilities.git#co",
        "coext": "git+https://github.com/Metastruct/glua_utilities.git#coext",
        "gmod-clientchatcommand": "git+https://github.com/Metastruct/glua_utilities.git#clientchatcommand",
        "gmod-imageutils": "git+https://github.com/Metastruct/gmod-imageutils.git",
        "helpers": "git+https://github.com/Metastruct/glua_utilities.git#helpers",
        "netext": "git+https://github.com/Metastruct/glua_utilities.git#netext",
        "webbrowser": "git+https://github.com/Metastruct/glua_utilities.git#webbrowser"
      },
      "devDependencies": {
        "gmod-packager": "git+https://github.com/Python1320/gmod-packager.git"
      },
      "peerDependencies": {
        "co": "git+https://github.com/Metastruct/glua_utilities.git#co",
        "coext": "git+https://github.com/Metastruct/glua_utilities.git#coext",
        "gmod-clientchatcommand": "git+https://github.com/Metastruct/glua_utilities.git#clientchatcommand",
        "gmod-imageutils": "git+https://github.com/Metastruct/gmod-imageutils.git",
        "helpers": "git+https://github.com/Metastruct/glua_utilities.git#helpers",
        "netext": "git+https://github.com/Metastruct/glua_utilities.git#netext",
        "webbrowser": "git+https://github.com/Metastruct/glua_utilities.git#webbrowser"
      }
    },
    "node_modules/balanced-match": {
      "version": "1.0.2",
      "resolved": "https://registry.npmjs.org/balanced-match/-/balanced-match-1.0.2.tgz",
      "integrity": "sha512-3oSeUO0TMV67hN1AmbXsK4yaqU7tjiHlbxRDZOpH0KW9+CeX4bRAaX0Anxt0tx2MrpRpWwQaPwIlISEJhYU5Pw==",
      "dev": true
    },
    "node_modules/brace-expansion": {
      "version": "1.1.11",
      "resolved": "https://registry.npmjs.org/brace-expansion/-/brace-expansion-1.1.11.tgz",
      "integrity": "sha512-iCuPHDFgrHX7H2vEI/5xpz07zSHB00TpugqhmYtVmMO6518mCuRMoOYFldEBl0g187ufozdaHgWKcYFb61qGiA==",
      "dev": true,
      "dependencies": {
        "balanced-match": "^1.0.0",
        "concat-map": "0.0.1"
      }
    },
    "node_modules/co": {
      "version": "1.0.0",
      "resolved": "git+ssh://git@github.com/Metastruct/glua_utilities.git#95177fb744ed66d4ea55577192036acca0d412f6",
      "integrity": "sha512-0jpZwYgZnEOcCHWV4/DwdiIwGqZNoZznwFb2kPIGpUwmcdzvF+uvg5ULS1cXRBkvSS+se6sBn4HKiECtWyNaYg==",
      "inBundle": true,
      "license": "ISC"
    },
    "node_modules/coext": {
      "version": "1.0.0",
      "resolved": "git+ssh://git@github.com/Metastruct/glua_utilities.git#79403165b92e4b5d5f97cf046f982cc088f51633",
      "integrity": "sha512-JaDTdRrl9S7j0jzaqS/K6kJ8gGJF9YAe15xSF5X3JQ62xkXR2AoQqypnROMJEBjTfKcj0KeTYfN1GS9ZU1um5g==",
      "bundleDependencies": [
        "co"
      ],
      "inBundle": true,
      "dependencies": {
        "co": "git+https://github.com/Metastruct/glua_utilities.git#co"
      },
      "peerDependencies": {
        "co": "git+https://github.com/Metastruct/glua_utilities.git#co"
      }
    },
    "node_modules/concat-map": {
      "version": "0.0.1",
      "resolved": "https://registry.npmjs.org/concat-map/-/concat-map-0.0.1.tgz",
      "integrity": "sha1-2Klr13/Wjfd5OnMDajug1UBdR3s=",
      "dev": true
    },
    "node_modules/fs-extra": {
      "version": "10.0.0",
      "resolved": "https://registry.npmjs.org/fs-extra/-/fs-extra-10.0.0.tgz",
      "integrity": "sha512-C5owb14u9eJwizKGdchcDUQeFtlSHHthBk8pbX9Vc1PFZrLombudjDnNns88aYslCyF6IY5SUw3Roz6xShcEIQ==",
      "dev": true,
      "dependencies": {
        "graceful-fs": "^4.2.0",
        "jsonfile": "^6.0.1",
        "universalify": "^2.0.0"
      },
      "engines": {
        "node": ">=12"
      }
    },
    "node_modules/fs.realpath": {
      "version": "1.0.0",
      "resolved": "https://registry.npmjs.org/fs.realpath/-/fs.realpath-1.0.0.tgz",
      "integrity": "sha1-FQStJSMVjKpA20onh8sBQRmU6k8=",
      "dev": true
    },
    "node_modules/glob": {
      "version": "7.1.7",
      "resolved": "https://registry.npmjs.org/glob/-/glob-7.1.7.tgz",
      "integrity": "sha512-OvD9ENzPLbegENnYP5UUfJIirTg4+XwMWGaQfQTY0JenxNvvIKP3U3/tAQSPIu/lHxXYSZmpXlUHeqAIdKzBLQ==",
      "dev": true,
      "dependencies": {
        "fs.realpath": "^1.0.0",
        "inflight": "^1.0.4",
        "inherits": "2",
        "minimatch": "^3.0.4",
        "once": "^1.3.0",
        "path-is-absolute": "^1.0.0"
      },
      "engines": {
        "node": "*"
      },
      "funding": {
        "url": "https://github.com/sponsors/isaacs"
      }
    },
    "node_modules/gmod-clientchatcommand": {
      "version": "1.0.0",
      "resolved": "git+ssh://git@github.com/Metastruct/glua_utilities.git#7d09739c14a109455a97d640d1855ace5512b0d4",
      "integrity": "sha512-yIOVZ1yB24yA8/9ARcu9vHPCwzLU7uv0WtBoGaPVJKx8OO556ApDFJRHqJNRsU3uVwFh6vD3wNyB6YZnK5DiDg==",
      "inBundle": true,
      "license": "ISC"
    },
    "node_modules/gmod-imageutils": {
      "version": "0.1.0",
      "resolved": "git+ssh://git@github.com/Metastruct/gmod-imageutils.git#63c08fd063458db5beead874ed3a6d61e642705e",
      "integrity": "sha512-fkmR6Fo+l+quAHbGyZiL/RCJ2qlCTiVJreDltEB9s9yvvruCskaB7hdIPEDlCrR3TRZKFvdqLPZ82LaoL21P5w==",
      "bundleDependencies": [
        "gmod-sqliteext"
      ],
      "inBundle": true,
      "license": "ISC",
      "dependencies": {
        "gmod-sqliteext": "git+https://github.com/Metastruct/sqliteext.git"
      },
      "peerDependencies": {
        "gmod-sqliteext": "git+https://github.com/Metastruct/sqliteext.git"
      }
    },
    "node_modules/gmod-packager": {
      "version": "0.1.1",
      "resolved": "git+ssh://git@github.com/Python1320/gmod-packager.git#c757762a2b21033c0d51d2dae1b984f555accbd1",
      "integrity": "sha512-BwGXBOaPZetDfuVf8bvzIJO5FjXGsQ1nT9kF4y3XO+7fJg/BEl4OCG1PrTeXwylaw0Xhb7FVO+TdxdQvzcM3Gg==",
      "dev": true,
      "license": "ISC",
      "dependencies": {
        "fs-extra": "*",
        "glob": "*",
        "ignore": "*",
        "npm-packlist": "*"
      },
      "bin": {
        "gmod-packager": "main.js"
      }
    },
    "node_modules/gmod-sqliteext": {
      "version": "0.1.0",
      "resolved": "git+ssh://git@github.com/Metastruct/sqliteext.git#754d0848aaf42bbdc10e612fb7f9c8c4c931e4b8",
      "integrity": "sha512-bmColDw+53YJc1lVXllv3Wzk0w7xga6TVflANIaqfPF4scVY8YpFXLYsGXyb7RU4gncDuvsS4LzVTHjN3EqjfQ==",
      "inBundle": true,
      "license": "ISC"
    },
    "node_modules/graceful-fs": {
      "version": "4.2.6",
      "resolved": "https://registry.npmjs.org/graceful-fs/-/graceful-fs-4.2.6.tgz",
      "integrity": "sha512-nTnJ528pbqxYanhpDYsi4Rd8MAeaBA67+RZ10CM1m3bTAVFEDcd5AuA4a6W5YkGZ1iNXHzZz8T6TBKLeBuNriQ==",
      "dev": true
    },
    "node_modules/helpers": {
      "version": "1.0.1",
      "resolved": "git+ssh://git@github.com/Metastruct/glua_utilities.git#6d54ae1d98a0f83af68ea78e73fc1c544a6d2d43",
      "integrity": "sha512-nQdeV/GejFMrZIg1XRp6dOkzlGCDEtHrMDpRklw9D0cc9ptJgbTorHb8o26X933JripUwbR4rHFoK8Pw+mp5Ig==",
      "inBundle": true,
      "license": "ISC"
    },
    "node_modules/ignore": {
      "version": "5.1.8",
      "resolved": "https://registry.npmjs.org/ignore/-/ignore-5.1.8.tgz",
      "integrity": "sha512-BMpfD7PpiETpBl/A6S498BaIJ6Y/ABT93ETbby2fP00v4EbvPBXWEoaR1UBPKs3iR53pJY7EtZk5KACI57i1Uw==",
      "dev": true,
      "engines": {
        "node": ">= 4"
      }
    },
    "node_modules/ignore-walk": {
      "version": "3.0.4",
      "resolved": "https://registry.npmjs.org/ignore-walk/-/ignore-walk-3.0.4.tgz",
      "integrity": "sha512-PY6Ii8o1jMRA1z4F2hRkH/xN59ox43DavKvD3oDpfurRlOJyAHpifIwpbdv1n4jt4ov0jSpw3kQ4GhJnpBL6WQ==",
      "dev": true,
      "dependencies": {
        "minimatch": "^3.0.4"
      }
    },
    "node_modules/inflight": {
      "version": "1.0.6",
      "resolved": "https://registry.npmjs.org/inflight/-/inflight-1.0.6.tgz",
      "integrity": "sha1-Sb1jMdfQLQwJvJEKEHW6gWW1bfk=",
      "dev": true,
      "dependencies": {
        "once": "^1.3.0",
        "wrappy": "1"
      }
    },
    "node_modules/inherits": {
      "version": "2.0.4",
      "resolved": "https://registry.npmjs.org/inherits/-/inherits-2.0.4.tgz",
      "integrity": "sha512-k/vGaX4/Yla3WzyMCvTQOXYeIHvqOKtnqBduzTHpzpQZzAskKMhZ2K+EnBiSM9zGSoIFeMpXKxa4dYeZIQqewQ==",
      "dev": true
    },
    "node_modules/jsonfile": {
      "version": "6.1.0",
      "resolved": "https://registry.npmjs.org/jsonfile/-/jsonfile-6.1.0.tgz",
      "integrity": "sha512-5dgndWOriYSm5cnYaJNhalLNDKOqFwyDB/rr1E9ZsGciGvKPs8R2xYGCacuf3z6K1YKDz182fd+fY3cn3pMqXQ==",
      "dev": true,
      "dependencies": {
        "universalify": "^2.0.0"
      },
      "optionalDependencies": {
        "graceful-fs": "^4.1.6"
      }
    },
    "node_modules/minimatch": {
      "version": "3.1.2",
      "resolved": "https://registry.npmjs.org/minimatch/-/minimatch-3.1.2.tgz",
      "integrity": "sha512-J7p63hRiAjw1NDEww1W7i37+ByIrOWO5XQQAzZ3VOcL0PNybwpfmV/N05zFAzwQ9USyEcX6t3UO+K5aqBQOIHw==",
      "dev": true,
      "dependencies": {
        "brace-expansion": "^1.1.7"
      },
      "engines": {
        "node": "*"
      }
    },
    "node_modules/netext": {
      "version": "1.0.0",
      "resolved": "git+ssh://git@github.com/Metastruct/glua_utilities.git#a7df2728184cb64ef3db4236e90a315b6b93be31",
      "integrity": "sha512-NCwgCMLJ2UcOymitmoGzZyy/+TW+M2+PoHvzLC/Q3ShGiSnW6nHLdeqbvm1PFQowjy0zwCeyJsRKjAPTpLtGHQ==",
      "inBundle": true,
      "license": "ISC"
    },
    "node_modules/npm-bundled": {
      "version": "1.1.2",
      "resolved": "https://registry.npmjs.org/npm-bundled/-/npm-bundled-1.1.2.tgz",
      "integrity": "sha512-x5DHup0SuyQcmL3s7Rx/YQ8sbw/Hzg0rj48eN0dV7hf5cmQq5PXIeioroH3raV1QC1yh3uTYuMThvEQF3iKgGQ==",
      "dev": true,
      "dependencies": {
        "npm-normalize-package-bin": "^1.0.1"
      }
    },
    "node_modules/npm-normalize-package-bin": {
      "version": "1.0.1",
      "resolved": "https://registry.npmjs.org/npm-normalize-package-bin/-/npm-normalize-package-bin-1.0.1.tgz",
      "integrity": "sha512-EPfafl6JL5/rU+ot6P3gRSCpPDW5VmIzX959Ob1+ySFUuuYHWHekXpwdUZcKP5C+DS4GEtdJluwBjnsNDl+fSA==",
      "dev": true
    },
    "node_modules/npm-packlist": {
      "version": "2.2.2",
      "resolved": "https://registry.npmjs.org/npm-packlist/-/npm-packlist-2.2.2.tgz",
      "integrity": "sha512-Jt01acDvJRhJGthnUJVF/w6gumWOZxO7IkpY/lsX9//zqQgnF7OJaxgQXcerd4uQOLu7W5bkb4mChL9mdfm+Zg==",
      "dev": true,
      "dependencies": {
        "glob": "^7.1.6",
        "ignore-walk": "^3.0.3",
        "npm-bundled": "^1.1.1",
        "npm-normalize-package-bin": "^1.0.1"
      },
      "bin": {
        "npm-packlist": "bin/index.js"
      },
      "engines": {
        "node": ">=10"
      }
    },
    "node_modules/once": {
      "version": "1.4.0",
      "resolved": "https://registry.npmjs.org/once/-/once-1.4.0.tgz",
      "integrity": "sha1-WDsap3WWHUsROsF9nFC6753Xa9E=",
      "dev": true,
      "dependencies": {
        "wrappy": "1"
      }
    },
    "node_modules/path-is-absolute": {
      "version": "1.0.1",
      "resolved": "https://registry.npmjs.org/path-is-absolute/-/path-is-absolute-1.0.1.tgz",
      "integrity": "sha1-F0uSaHNVNP+8es5r9TpanhtcX18=",
      "dev": true,
      "engines": {
        "node": ">=0.10.0"
      }
    },
    "node_modules/universalify": {
      "version": "2.0.0",
      "resolved": "https://registry.npmjs.org/universalify/-/universalify-2.0.0.tgz",
      "integrity": "sha512-hAZsKq7Yy11Zu1DE0OzWjw7nnLZmJZYTDZZyEFHZdUhV8FkH5MCfoU1XMaxXovpyW5nq5scPqq0ZDP9Zyl04oQ==",
      "dev": true,
      "engines": {
        "node": ">= 10.0.0"
      }
    },
    "node_modules/webbrowser": {
      "version": "1.0.1",
      "resolved": "git+ssh://git@github.com/Metastruct/glua_utilities.git#cdd364559865eb63008904fcd320cb2f05d09113",
      "integrity": "sha512-dbvhTaNT+UvC80easnViZzJlTXfpF7hg+Vd6yFHJL7A2N9ON+f4LYvvkPtNnoCmCMkPBn8ppQm37F94zDLa6GQ==",
      "inBundle": true,
      "license": "MPL-2.0"
    },
    "node_modules/wrappy": {
      "version": "1.0.2",
      "resolved": "https://registry.npmjs.org/wrappy/-/wrappy-1.0.2.tgz",
      "integrity": "sha1-tSQ9jz7BqjXxNkYFvA0QNuMKtp8=",
      "dev": true
    }
  },
  "dependencies": {
    "balanced-match": {
      "version": "1.0.2",
      "resolved": "https://registry.npmjs.org/balanced-match/-/balanced-match-1.0.2.tgz",
      "integrity": "sha512-3oSeUO0TMV67hN1AmbXsK4yaqU7tjiHlbxRDZOpH0KW9+CeX4bRAaX0Anxt0tx2MrpRpWwQaPwIlISEJhYU5Pw==",
      "dev": true
    },
    "brace-expansion": {
      "version": "1.1.11",
      "resolved": "https://registry.npmjs.org/brace-expansion/-/brace-expansion-1.1.11.tgz",
      "integrity": "sha512-iCuPHDFgrHX7H2vEI/5xpz07zSHB00TpugqhmYtVmMO6518mCuRMoOYFldEBl0g187ufozdaHgWKcYFb61qGiA==",
      "dev": true,
      "requires": {
        "balanced-match": "^1.0.0",
        "concat-map": "0.0.1"
      }
    },
    "co": {
      "version": "git+ssh://git@github.com/Metastruct/glua_utilities.git#95177fb744ed66d4ea55577192036acca0d412f6",
      "integrity": "sha512-0jpZwYgZnEOcCHWV4/DwdiIwGqZNoZznwFb2kPIGpUwmcdzvF+uvg5ULS1cXRBkvSS+se6sBn4HKiECtWyNaYg==",
      "from": "co@git+https://github.com/Metastruct/glua_utilities.git#co"
    },
    "coext": {
      "version": "git+ssh://git@github.com/Metastruct/glua_utilities.git#79403165b92e4b5d5f97cf046f982cc088f51633",
      "integrity": "sha512-JaDTdRrl9S7j0jzaqS/K6kJ8gGJF9YAe15xSF5X3JQ62xkXR2AoQqypnROMJEBjTfKcj0KeTYfN1GS9ZU1um5g==",
      "from": "coext@git+https://github.com/Metastruct/glua_utilities.git#coext",
      "requires": {
        "co": "git+https://github.com/Metastruct/glua_utilities.git#co"
      }
    },
    "concat-map": {
      "version": "0.0.1",
      "resolved": "https://registry.npmjs.org/concat-map/-/concat-map-0.0.1.tgz",
      "integrity": "sha1-2Klr13/Wjfd5OnMDajug1UBdR3s=",
      "dev": true
    },
    "fs-extra": {
      "version": "10.0.0",
      "resolved": "https://registry.npmjs.org/fs-extra/-/fs-extra-10.0.0.tgz",
      "integrity": "sha512-C5owb14u9eJwizKGdchcDUQeFtlSHHthBk8pbX9Vc1PFZrLombudjDnNns88aYslCyF6IY5SUw3Roz6xShcEIQ==",
      "dev": true,
      "requires": {
        "graceful-fs": "^4.2.0",
        "jsonfile": "^6.0.1",
        "universalify": "^2.0.0"
      }
    },
    "fs.realpath": {
      "version": "1.0.0",
      "resolved": "https://registry.npmjs.org/fs.realpath/-/fs.realpath-1.0.0.tgz",
      "integrity": "sha1-FQStJSMVjKpA20onh8sBQRmU6k8=",
      "dev": true
    },
    "glob": {
      "version": "7.1.7",
      "resolved": "https://registry.npmjs.org/glob/-/glob-7.1.7.tgz",
      "integrity": "sha512-OvD9ENzPLbegENnYP5UUfJIirTg4+XwMWGaQfQTY0JenxNvvIKP3U3/tAQSPIu/lHxXYSZmpXlUHeqAIdKzBLQ==",
      "dev": true,
      "requires": {
        "fs.realpath": "^1.0.0",
        "inflight": "^1.0.4",
        "inherits": "2",
        "minimatch": "^3.0.4",
        "once": "^1.3.0",
        "path-is-absolute": "^1.0.0"
      }
    },
    "gmod-clientchatcommand": {
      "version": "git+ssh://git@github.com/Metastruct/glua_utilities.git#7d09739c14a109455a97d640d1855ace5512b0d4",
      "integrity": "sha512-yIOVZ1yB24yA8/9ARcu9vHPCwzLU7uv0WtBoGaPVJKx8OO556ApDFJRHqJNRsU3uVwFh6vD3wNyB6YZnK5DiDg==",
      "from": "gmod-clientchatcommand@git+https://github.com/Metastruct/glua_utilities.git#clientchatcommand"
    },
    "gmod-imageutils": {
      "version": "git+ssh://git@github.com/Metastruct/gmod-imageutils.git#63c08fd063458db5beead874ed3a6d61e642705e",
      "integrity": "sha512-fkmR6Fo+l+quAHbGyZiL/RCJ2qlCTiVJreDltEB9s9yvvruCskaB7hdIPEDlCrR3TRZKFvdqLPZ82LaoL21P5w==",
      "from": "gmod-imageutils@git+https://github.com/Metastruct/gmod-imageutils.git",
      "requires": {
        "gmod-sqliteext": "git+https://github.com/Metastruct/sqliteext.git"
      }
    },
    "gmod-packager": {
      "version": "git+ssh://git@github.com/Python1320/gmod-packager.git#c757762a2b21033c0d51d2dae1b984f555accbd1",
      "integrity": "sha512-BwGXBOaPZetDfuVf8bvzIJO5FjXGsQ1nT9kF4y3XO+7fJg/BEl4OCG1PrTeXwylaw0Xhb7FVO+TdxdQvzcM3Gg==",
      "dev": true,
      "from": "gmod-packager@git+https://github.com/Python1320/gmod-packager.git",
      "requires": {
        "fs-extra": "*",
        "glob": "*",
        "ignore": "*",
        "npm-packlist": "*"
      }
    },
    "gmod-sqliteext": {
      "version": "git+ssh://git@github.com/Metastruct/sqliteext.git#754d0848aaf42bbdc10e612fb7f9c8c4c931e4b8",
      "integrity": "sha512-bmColDw+53YJc1lVXllv3Wzk0w7xga6TVflANIaqfPF4scVY8YpFXLYsGXyb7RU4gncDuvsS4LzVTHjN3EqjfQ==",
      "from": "gmod-sqliteext@git+https://github.com/Metastruct/sqliteext.git"
    },
    "graceful-fs": {
      "version": "4.2.6",
      "resolved": "https://registry.npmjs.org/graceful-fs/-/graceful-fs-4.2.6.tgz",
      "integrity": "sha512-nTnJ528pbqxYanhpDYsi4Rd8MAeaBA67+RZ10CM1m3bTAVFEDcd5AuA4a6W5YkGZ1iNXHzZz8T6TBKLeBuNriQ==",
      "dev": true
    },
    "helpers": {
      "version": "git+ssh://git@github.com/Metastruct/glua_utilities.git#6d54ae1d98a0f83af68ea78e73fc1c544a6d2d43",
      "integrity": "sha512-nQdeV/GejFMrZIg1XRp6dOkzlGCDEtHrMDpRklw9D0cc9ptJgbTorHb8o26X933JripUwbR4rHFoK8Pw+mp5Ig==",
      "from": "helpers@git+https://github.com/Metastruct/glua_utilities.git#helpers"
    },
    "ignore": {
      "version": "5.1.8",
      "resolved": "https://registry.npmjs.org/ignore/-/ignore-5.1.8.tgz",
      "integrity": "sha512-BMpfD7PpiETpBl/A6S498BaIJ6Y/ABT93ETbby2fP00v4EbvPBXWEoaR1UBPKs3iR53pJY7EtZk5KACI57i1Uw==",
      "dev": true
    },
    "ignore-walk": {
      "version": "3.0.4",
      "resolved": "https://registry.npmjs.org/ignore-walk/-/ignore-walk-3.0.4.tgz",
      "integrity": "sha512-PY6Ii8o1jMRA1z4F2hRkH/xN59ox43DavKvD3oDpfurRlOJyAHpifIwpbdv1n4jt4ov0jSpw3kQ4GhJnpBL6WQ==",
      "dev": true,
      "requires": {
        "minimatch": "^3.0.4"
      }
    },
    "inflight": {
      "version": "1.0.6",
      "resolved": "https://registry.npmjs.org/inflight/-/inflight-1.0.6.tgz",
      "integrity": "sha1-Sb1jMdfQLQwJvJEKEHW6gWW1bfk=",
      "dev": true,
      "requires": {
        "once": "^1.3.0",
        "wrappy": "1"
      }
    },
    "inherits": {
      "version": "2.0.4",
      "resolved": "https://registry.npmjs.org/inherits/-/inherits-2.0.4.tgz",
      "integrity": "sha512-k/vGaX4/Yla3WzyMCvTQOXYeIHvqOKtnqBduzTHpzpQZzAskKMhZ2K+EnBiSM9zGSoIFeMpXKxa4dYeZIQqewQ==",
      "dev": true
    },
    "jsonfile": {
      "version": "6.1.0",
      "resolved": "https://registry.npmjs.org/jsonfile/-/jsonfile-6.1.0.tgz",
      "integrity": "sha512-5dgndWOriYSm5cnYaJNhalLNDKOqFwyDB/rr1E9ZsGciGvKPs8R2xYGCacuf3z6K1YKDz182fd+fY3cn3pMqXQ==",
      "dev": true,
      "requires": {
        "graceful-fs": "^4.1.6",
        "universalify": "^2.0.0"
      }
    },
    "minimatch": {
      "version": "3.1.2",
      "resolved": "https://registry.npmjs.org/minimatch/-/minimatch-3.1.2.tgz",
      "integrity": "sha512-J7p63hRiAjw1NDEww1W7i37+ByIrOWO5XQQAzZ3VOcL0PNybwpfmV/N05zFAzwQ9USyEcX6t3UO+K5aqBQOIHw==",
      "dev": true,
      "requires": {
        "brace-expansion": "^1.1.7"
      }
    },
    "netext": {
      "version": "git+ssh://git@github.com/Metastruct/glua_utilities.git#a7df2728184cb64ef3db4236e90a315b6b93be31",
      "integrity": "sha512-NCwgCMLJ2UcOymitmoGzZyy/+TW+M2+PoHvzLC/Q3ShGiSnW6nHLdeqbvm1PFQowjy0zwCeyJsRKjAPTpLtGHQ==",
      "from": "netext@git+https://github.com/Metastruct/glua_utilities.git#netext"
    },
    "npm-bundled": {
      "version": "1.1.2",
      "resolved": "https://registry.npmjs.org/npm-bundled/-/npm-bundled-1.1.2.tgz",
      "integrity": "sha512-x5DHup0SuyQcmL3s7Rx/YQ8sbw/Hzg0rj48eN0dV7hf5cmQq5PXIeioroH3raV1QC1yh3uTYuMThvEQF3iKgGQ==",
      "dev": true,
      "requires": {
        "npm-normalize-package-bin": "^1.0.1"
      }
    },
    "npm-normalize-package-bin": {
      "version": "1.0.1",
      "resolved": "https://registry.npmjs.org/npm-normalize-package-bin/-/npm-normalize-package-bin-1.0.1.tgz",
      "integrity": "sha512-EPfafl6JL5/rU+ot6P3gRSCpPDW5VmIzX959Ob1+ySFUuuYHWHekXpwdUZcKP5C+DS4GEtdJluwBjnsNDl+fSA==",
      "dev": true
    },
    "npm-packlist": {
      "version": "2.2.2",
      "resolved": "https://registry.npmjs.org/npm-packlist/-/npm-packlist-2.2.2.tgz",
      "integrity": "sha512-Jt01acDvJRhJGthnUJVF/w6gumWOZxO7IkpY/lsX9//zqQgnF7OJaxgQXcerd4uQOLu7W5bkb4mChL9mdfm+Zg==",
      "dev": true,
      "requires": {
        "glob": "^7.1.6",
        "ignore-walk": "^3.0.3",
        "npm-bundled": "^1.1.1",
        "npm-normalize-package-bin": "^1.0.1"
      }
    },
    "once": {
      "version": "1.4.0",
      "resolved": "https://registry.npmjs.org/once/-/once-1.4.0.tgz",
      "integrity": "sha1-WDsap3WWHUsROsF9nFC6753Xa9E=",
      "dev": true,
      "requires": {
        "wrappy": "1"
      }
    },
    "path-is-absolute": {
      "version": "1.0.1",
      "resolved": "https://registry.npmjs.org/path-is-absolute/-/path-is-absolute-1.0.1.tgz",
      "integrity": "sha1-F0uSaHNVNP+8es5r9TpanhtcX18=",
      "dev": true
    },
    "universalify": {
      "version": "2.0.0",
      "resolved": "https://registry.npmjs.org/universalify/-/universalify-2.0.0.tgz",
      "integrity": "sha512-hAZsKq7Yy11Zu1DE0OzWjw7nnLZmJZYTDZZyEFHZdUhV8FkH5MCfoU1XMaxXovpyW5nq5scPqq0ZDP9Zyl04oQ==",
      "dev": true
    },
    "webbrowser": {
      "version": "git+ssh://git@github.com/Metastruct/glua_utilities.git#cdd364559865eb63008904fcd320cb2f05d09113",
      "integrity": "sha512-dbvhTaNT+UvC80easnViZzJlTXfpF7hg+Vd6yFHJL7A2N9ON+f4LYvvkPtNnoCmCMkPBn8ppQm37F94zDLa6GQ==",
      "from": "webbrowser@git+https://github.com/Metastruct/glua_utilities.git#webbrowser"
    },
    "wrappy": {
      "version": "1.0.2",
      "resolved": "https://registry.npmjs.org/wrappy/-/wrappy-1.0.2.tgz",
      "integrity": "sha1-tSQ9jz7BqjXxNkYFvA0QNuMKtp8=",
      "dev": true
    }
  }
}
